{
  "name": "led_app",
  "version": "0.0.1",
  "lockfileVersion": 1,
  "requires": true,
  "dependencies": {
    "tree-kill": {
      "version": "1.2.2",
      "resolved": "https://registry.nlark.com/tree-kill/download/tree-kill-1.2.2.tgz",
      "integrity": "sha1-TKCakJLIi3OnzcXooBtQeweQoMw="
    }
  }
}
